
Microsoft Visual Studio Solution File, Format Version 12.00
# Visual Studio Version 17
VisualStudioVersion = 17.11.35312.102
MinimumVisualStudioVersion = 10.0.40219.1
Project("{FAE04EC0-301F-11D3-BF4B-00C04F79EFBC}") = "Savas Aracları Kart Oyunu", "Savas Aracları Kart Oyunu\Savas Aracları Kart Oyunu.csproj", "{2C0126F5-72F8-4EC6-8544-41565DE0278C}"
EndProject
Global
	GlobalSection(SolutionConfigurationPlatforms) = preSolution
		Debug|Any CPU = Debug|Any CPU
		Release|Any CPU = Release|Any CPU
	EndGlobalSection
	GlobalSection(ProjectConfigurationPlatforms) = postSolution
		{2C0126F5-72F8-4EC6-8544-41565DE0278C}.Debug|Any CPU.ActiveCfg = Debug|Any CPU
		{2C0126F5-72F8-4EC6-8544-41565DE0278C}.Debug|Any CPU.Build.0 = Debug|Any CPU
		{2C0126F5-72F8-4EC6-8544-41565DE0278C}.Release|Any CPU.ActiveCfg = Release|Any CPU
		{2C0126F5-72F8-4EC6-8544-41565DE0278C}.Release|Any CPU.Build.0 = Release|Any CPU
	EndGlobalSection
	GlobalSection(SolutionProperties) = preSolution
		HideSolutionNode = FALSE
	EndGlobalSection
	GlobalSection(ExtensibilityGlobals) = postSolution
		SolutionGuid = {73E6F623-294E-441A-ADBB-98E6E5224AA4}
	EndGlobalSection
EndGlobal
